lockfileVersion: '9.0'

settings:
  autoInstallPeers: true
  excludeLinksFromLockfile: false

importers:

  .:
    dependencies:
      '@hono/node-server':
        specifier: ^1.19.14
        version: 1.19.14(hono@4.12.25)
      hono:
        specifier: ^4.12.25
        version: 4.12.25
    devDependencies:
      '@types/node':
        specifier: ^25.9.2
        version: 25.9.2
      '@typescript/native-preview':
        specifier: 7.0.0-dev.20260421.2
        version: 7.0.0-dev.20260421.2
      oxfmt:
        specifier: ^0.54.0
        version: 0.54.0
      tsx:
        specifier: ^4.22.4
        version: 4.22.4
      typescript:
        specifier: ^6.0.3
        version: 6.0.3

packages:

  '@esbuild/aix-ppc64@0.28.0':
    resolution: {integrity: sha512-lhRUCeuOyJQURhTxl4WkpFTjIsbDayJHih5kZC1giwE+MhIzAb7mEsQMqMf18rHLsrb5qI1tafG20mLxEWcWlA==}
    engines: {node: '>=18'}
    cpu: [ppc64]
    os: [aix]

  '@esbuild/android-arm64@0.28.0':
    resolution: {integrity: sha512-+WzIXQOSaGs33tLEgYPYe/yQHf0WTU0X42Jca3y8NWMbUVhp7rUnw+vAsRC/QiDrdD31IszMrZy+qwPOPjd+rw==}
    engines: {node: '>=18'}
    cpu: [arm64]
    os: [android]

  '@esbuild/android-arm@0.28.0':
    resolution: {integrity: sha512-wqh0ByljabXLKHeWXYLqoJ5jKC4XBaw6Hk08OfMrCRd2nP2ZQ5eleDZC41XHyCNgktBGYMbqnrJKq/K/lzPMSQ==}
    engines: {node: '>=18'}
    cpu: [arm]
    os: [android]

  '@esbuild/android-x64@0.28.0':
    resolution: {integrity: sha512-+VJggoaKhk2VNNqVL7f6S189UzShHC/mR9EE8rDdSkdpN0KflSwWY/gWjDrNxxisg8Fp1ZCD9jLMo4m0OUfeUA==}
    engines: {node: '>=18'}
    cpu: [x64]
    os: [android]

  '@esbuild/darwin-arm64@0.28.0':
    resolution: {integrity: sha512-0T+A9WZm+bZ84nZBtk1ckYsOvyA3x7e2Acj1KdVfV4/2tdG4fzUp91YHx+GArWLtwqp77pBXVCPn2We7Letr0Q==}
    engines: {node: '>=18'}
    cpu: [arm64]
    os: [darwin]

  '@esbuild/darwin-x64@0.28.0':
    resolution: {integrity: sha512-fyzLm/DLDl/84OCfp2f/XQ4flmORsjU7VKt8HLjvIXChJoFFOIL6pLJPH4Yhd1n1gGFF9mPwtlN5Wf82DZs+LQ==}
    engines: {node: '>=18'}
    cpu: [x64]
    os: [darwin]

  '@esbuild/freebsd-arm64@0.28.0':
    resolution: {integrity: sha512-l9GeW5UZBT9k9brBYI+0WDffcRxgHQD8ShN2Ur4xWq/NFzUKm3k5lsH4PdaRgb2w7mI9u61nr2gI2mLI27Nh3Q==}
    engines: {node: '>=18'}
    cpu: [arm64]
    os: [freebsd]

  '@esbuild/freebsd-x64@0.28.0':
    resolution: {integrity: sha512-BXoQai/A0wPO6Es3yFJ7APCiKGc1tdAEOgeTNy3SsB491S3aHn4S4r3e976eUnPdU+NbdtmBuLncYir2tMU9Nw==}
    engines: {node: '>=18'}
    cpu: [x64]
    os: [freebsd]

  '@esbuild/linux-arm64@0.28.0':
    resolution: {integrity: sha512-RVyzfb3FWsGA55n6WY0MEIEPURL1FcbhFE6BffZEMEekfCzCIMtB5yyDcFnVbTnwk+CLAgTujmV/Lgvih56W+A==}
    engines: {node: '>=18'}
    cpu: [arm64]
    os: [linux]

  '@esbuild/linux-arm@0.28.0':
    resolution: {integrity: sha512-CjaaREJagqJp7iTaNQjjidaNbCKYcd4IDkzbwwxtSvjI7NZm79qiHc8HqciMddQ6CKvJT6aBd8lO9kN/ZudLlw==}
    engines: {node: '>=18'}
    cpu: [arm]
    os: [linux]

  '@esbuild/linux-ia32@0.28.0':
    resolution: {integrity: sha512-KBnSTt1kxl9x70q+ydterVdl+Cn0H18ngRMRCEQfrbqdUuntQQ0LoMZv47uB97NljZFzY6HcfqEZ2SAyIUTQBQ==}
    engines: {node: '>=18'}
    cpu: [ia32]
    os: [linux]

  '@esbuild/linux-loong64@0.28.0':
    resolution: {integrity: sha512-zpSlUce1mnxzgBADvxKXX5sl8aYQHo2ezvMNI8I0lbblJtp8V4odlm3Yzlj7gPyt3T8ReksE6bK+pT3WD+aJRg==}
    engines: {node: '>=18'}
    cpu: [loong64]
    os: [linux]

  '@esbuild/linux-mips64el@0.28.0':
    resolution: {integrity: sha512-2jIfP6mmjkdmeTlsX/9vmdmhBmKADrWqN7zcdtHIeNSCH1SqIoNI63cYsjQR8J+wGa4Y5izRcSHSm8K3QWmk3w==}
    engines: {node: '>=18'}
    cpu: [mips64el]
    os: [linux]

  '@esbuild/linux-ppc64@0.28.0':
    resolution: {integrity: sha512-bc0FE9wWeC0WBm49IQMPSPILRocGTQt3j5KPCA8os6VprfuJ7KD+5PzESSrJ6GmPIPJK965ZJHTUlSA6GNYEhg==}
    engines: {node: '>=18'}
    cpu: [ppc64]
    os: [linux]

  '@esbuild/linux-riscv64@0.28.0':
    resolution: {integrity: sha512-SQPZOwoTTT/HXFXQJG/vBX8sOFagGqvZyXcgLA3NhIqcBv1BJU1d46c0rGcrij2B56Z2rNiSLaZOYW5cUk7yLQ==}
    engines: {node: '>=18'}
    cpu: [riscv64]
    os: [linux]

  '@esbuild/linux-s390x@0.28.0':
    resolution: {integrity: sha512-SCfR0HN8CEEjnYnySJTd2cw0k9OHB/YFzt5zgJEwa+wL/T/raGWYMBqwDNAC6dqFKmJYZoQBRfHjgwLHGSrn3Q==}
    engines: {node: '>=18'}
    cpu: [s390x]
    os: [linux]

  '@esbuild/linux-x64@0.28.0':
    resolution: {integrity: sha512-us0dSb9iFxIi8srnpl931Nvs65it/Jd2a2K3qs7fz2WfGPHqzfzZTfec7oxZJRNPXPnNYZtanmRc4AL/JwVzHQ==}
    engines: {node: '>=18'}
    cpu: [x64]
    os: [linux]

  '@esbuild/netbsd-arm64@0.28.0':
    resolution: {integrity: sha512-CR/RYotgtCKwtftMwJlUU7xCVNg3lMYZ0RzTmAHSfLCXw3NtZtNpswLEj/Kkf6kEL3Gw+BpOekRX0BYCtklhUw==}
    engines: {node: '>=18'}
    cpu: [arm64]
    os: [netbsd]

  '@esbuild/netbsd-x64@0.28.0':
    resolution: {integrity: sha512-nU1yhmYutL+fQ71Kxnhg8uEOdC0pwEW9entHykTgEbna2pw2dkbFSMeqjjyHZoCmt8SBkOSvV+yNmm94aUrrqw==}
    engines: {node: '>=18'}
    cpu: [x64]
    os: [netbsd]

  '@esbuild/openbsd-arm64@0.28.0':
    resolution: {integrity: sha512-cXb5vApOsRsxsEl4mcZ1XY3D4DzcoMxR/nnc4IyqYs0rTI8ZKmW6kyyg+11Z8yvgMfAEldKzP7AdP64HnSC/6g==}
    engines: {node: '>=18'}
    cpu: [arm64]
    os: [openbsd]

  '@esbuild/openbsd-x64@0.28.0':
    resolution: {integrity: sha512-8wZM2qqtv9UP3mzy7HiGYNH/zjTA355mpeuA+859TyR+e+Tc08IHYpLJuMsfpDJwoLo1ikIJI8jC3GFjnRClzA==}
    engines: {node: '>=18'}
    cpu: [x64]
    os: [openbsd]

  '@esbuild/openharmony-arm64@0.28.0':
    resolution: {integrity: sha512-FLGfyizszcef5C3YtoyQDACyg95+dndv79i2EekILBofh5wpCa1KuBqOWKrEHZg3zrL3t5ouE5jgr94vA+Wb2w==}
    engines: {node: '>=18'}
    cpu: [arm64]
    os: [openharmony]

  '@esbuild/sunos-x64@0.28.0':
    resolution: {integrity: sha512-1ZgjUoEdHZZl/YlV76TSCz9Hqj9h9YmMGAgAPYd+q4SicWNX3G5GCyx9uhQWSLcbvPW8Ni7lj4gDa1T40akdlw==}
    engines: {node: '>=18'}
    cpu: [x64]
    os: [sunos]

  '@esbuild/win32-arm64@0.28.0':
    resolution: {integrity: sha512-Q9StnDmQ/enxnpxCCLSg0oo4+34B9TdXpuyPeTedN/6+iXBJ4J+zwfQI28u/Jl40nOYAxGoNi7mFP40RUtkmUA==}
    engines: {node: '>=18'}
    cpu: [arm64]
    os: [win32]

  '@esbuild/win32-ia32@0.28.0':
    resolution: {integrity: sha512-zF3ag/gfiCe6U2iczcRzSYJKH1DCI+ByzSENHlM2FcDbEeo5Zd2C86Aq0tKUYAJJ1obRP84ymxIAksZUcdztHA==}
    engines: {node: '>=18'}
    cpu: [ia32]
    os: [win32]

  '@esbuild/win32-x64@0.28.0':
    resolution: {integrity: sha512-pEl1bO9mfAmIC+tW5btTmrKaujg3zGtUmWNdCw/xs70FBjwAL3o9OEKNHvNmnyylD6ubxUERiEhdsL0xBQ9efw==}
    engines: {node: '>=18'}
    cpu: [x64]
    os: [win32]

  '@hono/node-server@1.19.14':
    resolution: {integrity: sha512-GwtvgtXxnWsucXvbQXkRgqksiH2Qed37H9xHZocE5sA3N8O8O8/8FA3uclQXxXVzc9XBZuEOMK7+r02FmSpHtw==}
    engines: {node: '>=18.14.1'}
    peerDependencies:
      hono: ^4

  '@oxfmt/binding-android-arm-eabi@0.54.0':
    resolution: {integrity: sha512-NAtpl/SiaeU103e7/OmZw0MvUnsUUopW7hEm/ecegJg7YM0skQaA0IXEZoyTV6NUdiNPupdIUreRqUZTShbn/g==}
    engines: {node: ^20.19.0 || >=22.12.0}
    cpu: [arm]
    os: [android]

  '@oxfmt/binding-android-arm64@0.54.0':
    resolution: {integrity: sha512-B4VZfBUlKK1rmMChsssNZbkZjE8+FzG3avMjGgMDwbGxXRoXkoeXiAZ+78Oa+eyDPHvDCiUb4zH/vmCOUSafLQ==}
    engines: {node: ^20.19.0 || >=22.12.0}
    cpu: [arm64]
    os: [android]

  '@oxfmt/binding-darwin-arm64@0.54.0':
    resolution: {integrity: sha512-i02vF75b+ePsQP3tHqSxVYI5S6b8X/xqdPu7/mDHXtpgXLTYXi3jJmfHU0j+dnZZDKaYTx/ioCK7QYJmtiJR2g==}
    engines: {node: ^20.19.0 || >=22.12.0}
    cpu: [arm64]
    os: [darwin]

  '@oxfmt/binding-darwin-x64@0.54.0':
    resolution: {integrity: sha512-8VMFvGvooXj7mswkbrhdVZ2/sgiDaBzWpkkbtO+qGDLV4EfJd67nQadHkQC0ZNbaWA9ajXfqI6i7PZLIeDzxEQ==}
    engines: {node: ^20.19.0 || >=22.12.0}
    cpu: [x64]
    os: [darwin]

  '@oxfmt/binding-freebsd-x64@0.54.0':
    resolution: {integrity: sha512-0cRHnp43WN1Jrc5s0BdbdKgR1XirdvHy7TAFi3JEsoEVQVJxTXMbpVd76sxXlgRswNMDhVFSJw+y7Eb8mEavFQ==}
    engines: {node: ^20.19.0 || >=22.12.0}
    cpu: [x64]
    os: [freebsd]

  '@oxfmt/binding-linux-arm-gnueabihf@0.54.0':
    resolution: {integrity: sha512-JyQAk3hK/OEtup7Rw6kZwfdzbKqTVD5jXXb8Xpfay29suwZyfBDMVW/bj4RqEPySYWc6zCp198pOluf8n5uYzg==}
    engines: {node: ^20.19.0 || >=22.12.0}
    cpu: [arm]
    os: [linux]

  '@oxfmt/binding-linux-arm-musleabihf@0.54.0':
    resolution: {integrity: sha512-qnvLatTpM8vtvjOfcckBOzJjk+n6ce/wwpP8OFeUrD5aNLYcKyWAitwj+Rk3PK9jGanbZvKsJnv14JGQ6XqFdw==}
    engines: {node: ^20.19.0 || >=22.12.0}
    cpu: [arm]
    os: [linux]

  '@oxfmt/binding-linux-arm64-gnu@0.54.0':
    resolution: {integrity: sha512-SMkhnCzIYZYDk9vw3W/80eeYKmrMpGF0Giuxt4HruFlCH7jEtnPeb3SdQKMfgYi/dgtaf+hZAb5XWPYnxqCQ3w==}
    engines: {node: ^20.19.0 || >=22.12.0}
    cpu: [arm64]
    os: [linux]
    libc: [glibc]

  '@oxfmt/binding-linux-arm64-musl@0.54.0':
    resolution: {integrity: sha512-QrwJlBFFKnxOd95TAaszpMbZBLzMoYMpGaQTZF8oibacnF5rv8l12IhILhQRPmksWiBqg0YSe2Mnl7ayeJAHSA==}
    engines: {node: ^20.19.0 || >=22.12.0}
    cpu: [arm64]
    os: [linux]
    libc: [musl]

  '@oxfmt/binding-linux-ppc64-gnu@0.54.0':
    resolution: {integrity: sha512-WILatiol/TUHTlhod7R09+7Az/XlhKwmY1MHfLZNmewltPWNN/EwxP2rQSHahibZ/cB8gmckEBjBOByD+5bYsQ==}
    engines: {node: ^20.19.0 || >=22.12.0}
    cpu: [ppc64]
    os: [linux]
    libc: [glibc]

  '@oxfmt/binding-linux-riscv64-gnu@0.54.0':
    resolution: {integrity: sha512-f05YMG4BH4G8S4ME6UM6fi1MnJ9094mrnvO5Pa4SJlMfWlUM+1/ZWMEF4NnjM7shZAvbHsHRuVYpUo0PHC4P9Q==}
    engines: {node: ^20.19.0 || >=22.12.0}
    cpu: [riscv64]
    os: [linux]
    libc: [glibc]

  '@oxfmt/binding-linux-riscv64-musl@0.54.0':
    resolution: {integrity: sha512-UfL+2hj1ClNqcCRT9s8vBU4axDpjxgVxX96G+9DYAYjoc5b0u15CJtn2jgsi9iM+EbGNc5CW1HVRgwVu76UsSA==}
    engines: {node: ^20.19.0 || >=22.12.0}
    cpu: [riscv64]
    os: [linux]
    libc: [musl]

  '@oxfmt/binding-linux-s390x-gnu@0.54.0':
    resolution: {integrity: sha512-3/XZe931Hka+J6NjnaqJzYpsWWxDTuRdUdwSQHnOuJEgbC+SehIMFJS8hsEjV7LBhVSL2OCnRLvbVW8O97XIyw==}
    engines: {node: ^20.19.0 || >=22.12.0}
    cpu: [s390x]
    os: [linux]
    libc: [glibc]

  '@oxfmt/binding-linux-x64-gnu@0.54.0':
    resolution: {integrity: sha512-Ik93RlObtu43GbxApafayFjwYE06L6Xr08cSwpBPYbDrLp2ReZx0Jm1DqwRyYRnukUJy+rK2WaEvUQOxdytU9Q==}
    engines: {node: ^20.19.0 || >=22.12.0}
    cpu: [x64]
    os: [linux]
    libc: [glibc]

  '@oxfmt/binding-linux-x64-musl@0.54.0':
    resolution: {integrity: sha512-yZcakmPlD86CNymknd7KfW+FH+qfbqJH+i0h69CYfV1+KMoVeM9UED+8+TDVoU4haxI0NxY7RPCvRLy3Sqd2Qg==}
    engines: {node: ^20.19.0 || >=22.12.0}
    cpu: [x64]
    os: [linux]
    libc: [musl]

  '@oxfmt/binding-openharmony-arm64@0.54.0':
    resolution: {integrity: sha512-GiVBZNnEZnKu00f1jTg49nomv187d0GQX+O+ocykoLeiaALuEO+swoTehHn9TehTfi7V8H0i0e/yvUjCqnwk1w==}
    engines: {node: ^20.19.0 || >=22.12.0}
    cpu: [arm64]
    os: [openharmony]

  '@oxfmt/binding-win32-arm64-msvc@0.54.0':
    resolution: {integrity: sha512-J0SSB8Z1Fre2sxRolYcW6Rl1RQmKdQ2hnHyq4YJrfBRiXTObLw4DXnIVraM/UyqGqwOi7yTrQA4VT7DPxlHVKA==}
    engines: {node: ^20.19.0 || >=22.12.0}
    cpu: [arm64]
    os: [win32]

  '@oxfmt/binding-win32-ia32-msvc@0.54.0':
    resolution: {integrity: sha512-O61UDVj8zz6yXJjkHPf05VaMLOXmEF8P5kf/N0W7AQMmd6bcQogl+KJc7rMutKTL524oE9iH32JXZClBFmEQIg==}
    engines: {node: ^20.19.0 || >=22.12.0}
    cpu: [ia32]
    os: [win32]

  '@oxfmt/binding-win32-x64-msvc@0.54.0':
    resolution: {integrity: sha512-1MDpqJPiFqxWtIHas8vkb1VZ7f7eKyTffAwmO8isxQYMaG1OFKsH666BWLeXQLO+IWNfiMssLD55hbR1lIPTqg==}
    engines: {node: ^20.19.0 || >=22.12.0}
    cpu: [x64]
    os: [win32]

  '@types/node@25.9.2':
    resolution: {integrity: sha512-G05zqtJhcDLb8uslf5EjCxXg9G1KQxiV8OS0R26IC//Eoyitzqe8z37I7cqvnZlrlSfgocQRfSn/AHBZJJFyGw==}

  '@typescript/native-preview-darwin-arm64@7.0.0-dev.20260421.2':
    resolution: {integrity: sha512-fHv1r3ZmVo6zxuAIFmuX3w9QxbcauoG0SsWhmDwm6VmRubLlOJIcmTtlmV3JAb9oOnq8LuzZljzT7Q39fSMQDw==}
    cpu: [arm64]
    os: [darwin]

  '@typescript/native-preview-darwin-x64@7.0.0-dev.20260421.2':
    resolution: {integrity: sha512-KWTR6xbW9t+JS7D5DQIzo75pqVXVWUxF9PMv/+S6xsnOjCVd6g0ixHcFpFMJMKSUQpGPr8Z5f7b8ks6LHW01jg==}
    cpu: [x64]
    os: [darwin]

  '@typescript/native-preview-linux-arm64@7.0.0-dev.20260421.2':
    resolution: {integrity: sha512-VLMEuml3BhUb+jaL0TXQ4xvVODxJF+RhkI+tBWvlynsJI4khTXEiwWh+wPOJrsfBRYFRMXEu28Odl/HXkYze8w==}
    cpu: [arm64]
    os: [linux]

  '@typescript/native-preview-linux-arm@7.0.0-dev.20260421.2':
    resolution: {integrity: sha512-BWLQO3nemLDSV5PoE5GPHe1dU9Dth77Kv8/cle9Ujcp4LhPo0KincdPqFH/qKeU/xvW25mgFueflZ1nc4rKuww==}
    cpu: [arm]
    os: [linux]

  '@typescript/native-preview-linux-x64@7.0.0-dev.20260421.2':
    resolution: {integrity: sha512-qUrJWTB5/wv4wnRG0TRXElAxc2kykNiRNyEIEqBbLmzDlrcvAW7RRy8MXoY1ZyTiKGMu14itZ3x9oW6+blFpRw==}
    cpu: [x64]
    os: [linux]

  '@typescript/native-preview-win32-arm64@7.0.0-dev.20260421.2':
    resolution: {integrity: sha512-Rc6NsWlZmCs5YUKVzKgwoBOoRUGsPzct4BDMRX0csD1devLBBc4AbUXWKsJRbpwIAnqMO1ld4sNHEb+wXgfNHQ==}
    cpu: [arm64]
    os: [win32]

  '@typescript/native-preview-win32-x64@7.0.0-dev.20260421.2':
    resolution: {integrity: sha512-GQv1+dya1t6EqF2Cpsb+xoozovdX10JUSf6Kl/8xNkTapzmlHd+uMr+8ku3jIASTxoRGn0Mklgjj3MDKrOTuLg==}
    cpu: [x64]
    os: [win32]

  '@typescript/native-preview@7.0.0-dev.20260421.2':
    resolution: {integrity: sha512-CmajHI25HpVWE9R1XFoxr+cphJPxoYD3eFioQtAvXYkMFKnLdICMS9pXre9Pybizb75ejRxjKD5/CVG055rEIg==}
    hasBin: true

  esbuild@0.28.0:
    resolution: {integrity: sha512-sNR9MHpXSUV/XB4zmsFKN+QgVG82Cc7+/aaxJ8Adi8hyOac+EXptIp45QBPaVyX3N70664wRbTcLTOemCAnyqw==}
    engines: {node: '>=18'}
    hasBin: true

  fsevents@2.3.3:
    resolution: {integrity: sha512-5xoDfX+fL7faATnagmWPpbFtwh/R77WmMMqqHGS65C3vvB0YHrgF+B1YmZ3441tMj5n63k0212XNoJwzlhffQw==}
    engines: {node: ^8.16.0 || ^10.6.0 || >=11.0.0}
    os: [darwin]

  hono@4.12.25:
    resolution: {integrity: sha512-2NFaIyNVgJmBs/ecmtGzlmluTFs5cHEWGTdu0t1HBwYzoGXOL5nUQBRMXsXWla5i4KkG//QMzVP88m1+I3fdAQ==}
    engines: {node: '>=16.9.0'}

  oxfmt@0.54.0:
    resolution: {integrity: sha512-DjnMwn7smSLF+Mc2+pRItnuPftm/dkUFpY/d4+33y9TfKrsHZo8GLhmUg9BrOIUEy94Rlom1Q11N6vuhE+e0oQ==}
    engines: {node: ^20.19.0 || >=22.12.0}
    hasBin: true
    peerDependencies:
      svelte: ^5.0.0
      vite-plus: '*'
    peerDependenciesMeta:
      svelte:
        optional: true
      vite-plus:
        optional: true

  tinypool@2.1.0:
    resolution: {integrity: sha512-Pugqs6M0m7Lv1I7FtxN4aoyToKg1C4tu+/381vH35y8oENM/Ai7f7C4StcoK4/+BSw9ebcS8jRiVrORFKCALLw==}
    engines: {node: ^20.0.0 || >=22.0.0}

  tsx@4.22.4:
    resolution: {integrity: sha512-X8EX+XV4QR5xCsrgxaED954zTDfY8KqlDtskKEL0cHhyS/P8b4IFOvGDQpsC9Q1XnLq915wEfwwY/zzskCtmhg==}
    engines: {node: '>=18.0.0'}
    hasBin: true

  typescript@6.0.3:
    resolution: {integrity: sha512-y2TvuxSZPDyQakkFRPZHKFm+KKVqIisdg9/CZwm9ftvKXLP8NRWj38/ODjNbr43SsoXqNuAisEf1GdCxqWcdBw==}
    engines: {node: '>=14.17'}
    hasBin: true

  undici-types@7.24.6:
    resolution: {integrity: sha512-WRNW+sJgj5OBN4/0JpHFqtqzhpbnV0GuB+OozA9gCL7a993SmU+1JBZCzLNxYsbMfIeDL+lTsphD5jN5N+n0zg==}

snapshots:

  '@esbuild/aix-ppc64@0.28.0':
    optional: true

  '@esbuild/android-arm64@0.28.0':
    optional: true

  '@esbuild/android-arm@0.28.0':
    optional: true

  '@esbuild/android-x64@0.28.0':
    optional: true

  '@esbuild/darwin-arm64@0.28.0':
    optional: true

  '@esbuild/darwin-x64@0.28.0':
    optional: true

  '@esbuild/freebsd-arm64@0.28.0':
    optional: true

  '@esbuild/freebsd-x64@0.28.0':
    optional: true

  '@esbuild/linux-arm64@0.28.0':
    optional: true

  '@esbuild/linux-arm@0.28.0':
    optional: true

  '@esbuild/linux-ia32@0.28.0':
    optional: true

  '@esbuild/linux-loong64@0.28.0':
    optional: true

  '@esbuild/linux-mips64el@0.28.0':
    optional: true

  '@esbuild/linux-ppc64@0.28.0':
    optional: true

  '@esbuild/linux-riscv64@0.28.0':
    optional: true

  '@esbuild/linux-s390x@0.28.0':
    optional: true

  '@esbuild/linux-x64@0.28.0':
    optional: true

  '@esbuild/netbsd-arm64@0.28.0':
    optional: true

  '@esbuild/netbsd-x64@0.28.0':
    optional: true

  '@esbuild/openbsd-arm64@0.28.0':
    optional: true

  '@esbuild/openbsd-x64@0.28.0':
    optional: true

  '@esbuild/openharmony-arm64@0.28.0':
    optional: true

  '@esbuild/sunos-x64@0.28.0':
    optional: true

  '@esbuild/win32-arm64@0.28.0':
    optional: true

  '@esbuild/win32-ia32@0.28.0':
    optional: true

  '@esbuild/win32-x64@0.28.0':
    optional: true

  '@hono/node-server@1.19.14(hono@4.12.25)':
    dependencies:
      hono: 4.12.25

  '@oxfmt/binding-android-arm-eabi@0.54.0':
    optional: true

  '@oxfmt/binding-android-arm64@0.54.0':
    optional: true

  '@oxfmt/binding-darwin-arm64@0.54.0':
    optional: true

  '@oxfmt/binding-darwin-x64@0.54.0':
    optional: true

  '@oxfmt/binding-freebsd-x64@0.54.0':
    optional: true

  '@oxfmt/binding-linux-arm-gnueabihf@0.54.0':
    optional: true

  '@oxfmt/binding-linux-arm-musleabihf@0.54.0':
    optional: true

  '@oxfmt/binding-linux-arm64-gnu@0.54.0':
    optional: true

  '@oxfmt/binding-linux-arm64-musl@0.54.0':
    optional: true

  '@oxfmt/binding-linux-ppc64-gnu@0.54.0':
    optional: true

  '@oxfmt/binding-linux-riscv64-gnu@0.54.0':
    optional: true

  '@oxfmt/binding-linux-riscv64-musl@0.54.0':
    optional: true

  '@oxfmt/binding-linux-s390x-gnu@0.54.0':
    optional: true

  '@oxfmt/binding-linux-x64-gnu@0.54.0':
    optional: true

  '@oxfmt/binding-linux-x64-musl@0.54.0':
    optional: true

  '@oxfmt/binding-openharmony-arm64@0.54.0':
    optional: true

  '@oxfmt/binding-win32-arm64-msvc@0.54.0':
    optional: true

  '@oxfmt/binding-win32-ia32-msvc@0.54.0':
    optional: true

  '@oxfmt/binding-win32-x64-msvc@0.54.0':
    optional: true

  '@types/node@25.9.2':
    dependencies:
      undici-types: 7.24.6

  '@typescript/native-preview-darwin-arm64@7.0.0-dev.20260421.2':
    optional: true

  '@typescript/native-preview-darwin-x64@7.0.0-dev.20260421.2':
    optional: true

  '@typescript/native-preview-linux-arm64@7.0.0-dev.20260421.2':
    optional: true

  '@typescript/native-preview-linux-arm@7.0.0-dev.20260421.2':
    optional: true

  '@typescript/native-preview-linux-x64@7.0.0-dev.20260421.2':
    optional: true

  '@typescript/native-preview-win32-arm64@7.0.0-dev.20260421.2':
    optional: true

  '@typescript/native-preview-win32-x64@7.0.0-dev.20260421.2':
    optional: true

  '@typescript/native-preview@7.0.0-dev.20260421.2':
    optionalDependencies:
      '@typescript/native-preview-darwin-arm64': 7.0.0-dev.20260421.2
      '@typescript/native-preview-darwin-x64': 7.0.0-dev.20260421.2
      '@typescript/native-preview-linux-arm': 7.0.0-dev.20260421.2
      '@typescript/native-preview-linux-arm64': 7.0.0-dev.20260421.2
      '@typescript/native-preview-linux-x64': 7.0.0-dev.20260421.2
      '@typescript/native-preview-win32-arm64': 7.0.0-dev.20260421.2
      '@typescript/native-preview-win32-x64': 7.0.0-dev.20260421.2

  esbuild@0.28.0:
    optionalDependencies:
      '@esbuild/aix-ppc64': 0.28.0
      '@esbuild/android-arm': 0.28.0
      '@esbuild/android-arm64': 0.28.0
      '@esbuild/android-x64': 0.28.0
      '@esbuild/darwin-arm64': 0.28.0
      '@esbuild/darwin-x64': 0.28.0
      '@esbuild/freebsd-arm64': 0.28.0
      '@esbuild/freebsd-x64': 0.28.0
      '@esbuild/linux-arm': 0.28.0
      '@esbuild/linux-arm64': 0.28.0
      '@esbuild/linux-ia32': 0.28.0
      '@esbuild/linux-loong64': 0.28.0
      '@esbuild/linux-mips64el': 0.28.0
      '@esbuild/linux-ppc64': 0.28.0
      '@esbuild/linux-riscv64': 0.28.0
      '@esbuild/linux-s390x': 0.28.0
      '@esbuild/linux-x64': 0.28.0
      '@esbuild/netbsd-arm64': 0.28.0
      '@esbuild/netbsd-x64': 0.28.0
      '@esbuild/openbsd-arm64': 0.28.0
      '@esbuild/openbsd-x64': 0.28.0
      '@esbuild/openharmony-arm64': 0.28.0
      '@esbuild/sunos-x64': 0.28.0
      '@esbuild/win32-arm64': 0.28.0
      '@esbuild/win32-ia32': 0.28.0
      '@esbuild/win32-x64': 0.28.0

  fsevents@2.3.3:
    optional: true

  hono@4.12.25: {}

  oxfmt@0.54.0:
    dependencies:
      tinypool: 2.1.0
    optionalDependencies:
      '@oxfmt/binding-android-arm-eabi': 0.54.0
      '@oxfmt/binding-android-arm64': 0.54.0
      '@oxfmt/binding-darwin-arm64': 0.54.0
      '@oxfmt/binding-darwin-x64': 0.54.0
      '@oxfmt/binding-freebsd-x64': 0.54.0
      '@oxfmt/binding-linux-arm-gnueabihf': 0.54.0
      '@oxfmt/binding-linux-arm-musleabihf': 0.54.0
      '@oxfmt/binding-linux-arm64-gnu': 0.54.0
      '@oxfmt/binding-linux-arm64-musl': 0.54.0
      '@oxfmt/binding-linux-ppc64-gnu': 0.54.0
      '@oxfmt/binding-linux-riscv64-gnu': 0.54.0
      '@oxfmt/binding-linux-riscv64-musl': 0.54.0
      '@oxfmt/binding-linux-s390x-gnu': 0.54.0
      '@oxfmt/binding-linux-x64-gnu': 0.54.0
      '@oxfmt/binding-linux-x64-musl': 0.54.0
      '@oxfmt/binding-openharmony-arm64': 0.54.0
      '@oxfmt/binding-win32-arm64-msvc': 0.54.0
      '@oxfmt/binding-win32-ia32-msvc': 0.54.0
      '@oxfmt/binding-win32-x64-msvc': 0.54.0

  tinypool@2.1.0: {}

  tsx@4.22.4:
    dependencies:
      esbuild: 0.28.0
    optionalDependencies:
      fsevents: 2.3.3

  typescript@6.0.3: {}

  undici-types@7.24.6: {}
